
Microsoft Visual Studio Solution File, Format Version 12.00
# Visual Studio Version 16
VisualStudioVersion = 16.0.30907.101
MinimumVisualStudioVersion = 10.0.40219.1
Project("{888888A0-9F3D-457C-B088-3A5042F75D52}") = "Links Parser", "Links Parser\Links Parser.pyproj", "{8BD5DF4D-AB69-4226-A47D-330DBA244ADA}"
EndProject
Global
	GlobalSection(SolutionConfigurationPlatforms) = preSolution
		Debug|Any CPU = Debug|Any CPU
		Release|Any CPU = Release|Any CPU
	EndGlobalSection
	GlobalSection(ProjectConfigurationPlatforms) = postSolution
		{8BD5DF4D-AB69-4226-A47D-330DBA244ADA}.Debug|Any CPU.ActiveCfg = Debug|Any CPU
		{8BD5DF4D-AB69-4226-A47D-330DBA244ADA}.Release|Any CPU.ActiveCfg = Release|Any CPU
	EndGlobalSection
	GlobalSection(SolutionProperties) = preSolution
		HideSolutionNode = FALSE
	EndGlobalSection
	GlobalSection(ExtensibilityGlobals) = postSolution
		SolutionGuid = {88DF2CC3-2571-4450-8627-DE295E959EFF}
	EndGlobalSection
EndGlobal
